
Microsoft Visual Studio Solution File, Format Version 12.00
# Visual Studio Version 16
VisualStudioVersion = 16.0.29709.97
MinimumVisualStudioVersion = 10.0.40219.1
Project("{FAE04EC0-301F-11D3-BF4B-00C04F79EFBC}") = "WarmFood", "WarmFood\WarmFood.csproj", "{A56ED3A0-ECF4-4FAB-A8C2-36AF8FF1E084}"
EndProject
Global
	GlobalSection(SolutionConfigurationPlatforms) = preSolution
		Debug|Any CPU = Debug|Any CPU
		Release|Any CPU = Release|Any CPU
	EndGlobalSection
	GlobalSection(ProjectConfigurationPlatforms) = postSolution
		{A56ED3A0-ECF4-4FAB-A8C2-36AF8FF1E084}.Debug|Any CPU.ActiveCfg = Debug|Any CPU
		{A56ED3A0-ECF4-4FAB-A8C2-36AF8FF1E084}.Debug|Any CPU.Build.0 = Debug|Any CPU
		{A56ED3A0-ECF4-4FAB-A8C2-36AF8FF1E084}.Release|Any CPU.ActiveCfg = Release|Any CPU
		{A56ED3A0-ECF4-4FAB-A8C2-36AF8FF1E084}.Release|Any CPU.Build.0 = Release|Any CPU
	EndGlobalSection
	GlobalSection(SolutionProperties) = preSolution
		HideSolutionNode = FALSE
	EndGlobalSection
	GlobalSection(ExtensibilityGlobals) = postSolution
		SolutionGuid = {442284AA-59B9-49FA-BB9C-A336FD517C29}
	EndGlobalSection
EndGlobal
